
Microsoft Visual Studio Solution File, Format Version 12.00
# Visual Studio Version 17
VisualStudioVersion = 17.14.36414.22 d17.14
MinimumVisualStudioVersion = 10.0.40219.1
Project("{FAE04EC0-301F-11D3-BF4B-00C04F79EFBC}") = "myProj", "myProj\myProj.csproj", "{4FC9DF0A-A210-4CCF-9FFD-81EB67FAE9F0}"
EndProject
Global
	GlobalSection(SolutionConfigurationPlatforms) = preSolution
		Debug|Any CPU = Debug|Any CPU
		Release|Any CPU = Release|Any CPU
	EndGlobalSection
	GlobalSection(ProjectConfigurationPlatforms) = postSolution
		{4FC9DF0A-A210-4CCF-9FFD-81EB67FAE9F0}.Debug|Any CPU.ActiveCfg = Debug|Any CPU
		{4FC9DF0A-A210-4CCF-9FFD-81EB67FAE9F0}.Debug|Any CPU.Build.0 = Debug|Any CPU
		{4FC9DF0A-A210-4CCF-9FFD-81EB67FAE9F0}.Release|Any CPU.ActiveCfg = Release|Any CPU
		{4FC9DF0A-A210-4CCF-9FFD-81EB67FAE9F0}.Release|Any CPU.Build.0 = Release|Any CPU
	EndGlobalSection
	GlobalSection(SolutionProperties) = preSolution
		HideSolutionNode = FALSE
	EndGlobalSection
	GlobalSection(ExtensibilityGlobals) = postSolution
		SolutionGuid = {1A16F31A-46BC-4B73-83A3-2D68962D2636}
	EndGlobalSection
EndGlobal
